
Microsoft Visual Studio Solution File, Format Version 12.00
# Visual Studio Version 16
VisualStudioVersion = 16.0.30907.101
MinimumVisualStudioVersion = 10.0.40219.1
Project("{FAE04EC0-301F-11D3-BF4B-00C04F79EFBC}") = "2", "2.csproj", "{010507CC-1CF8-4D28-9C45-1E0B3F08751E}"
EndProject
Global
	GlobalSection(SolutionConfigurationPlatforms) = preSolution
		Debug|Any CPU = Debug|Any CPU
		Release|Any CPU = Release|Any CPU
	EndGlobalSection
	GlobalSection(ProjectConfigurationPlatforms) = postSolution
		{010507CC-1CF8-4D28-9C45-1E0B3F08751E}.Debug|Any CPU.ActiveCfg = Debug|Any CPU
		{010507CC-1CF8-4D28-9C45-1E0B3F08751E}.Debug|Any CPU.Build.0 = Debug|Any CPU
		{010507CC-1CF8-4D28-9C45-1E0B3F08751E}.Release|Any CPU.ActiveCfg = Release|Any CPU
		{010507CC-1CF8-4D28-9C45-1E0B3F08751E}.Release|Any CPU.Build.0 = Release|Any CPU
	EndGlobalSection
	GlobalSection(SolutionProperties) = preSolution
		HideSolutionNode = FALSE
	EndGlobalSection
	GlobalSection(ExtensibilityGlobals) = postSolution
		SolutionGuid = {001F7EFA-E15D-4BD6-9618-97B8E82C118C}
	EndGlobalSection
EndGlobal
