
Microsoft Visual Studio Solution File, Format Version 12.00
# Visual Studio Version 16
VisualStudioVersion = 16.0.30907.101
MinimumVisualStudioVersion = 10.0.40219.1
Project("{FAE04EC0-301F-11D3-BF4B-00C04F79EFBC}") = "3", "3.csproj", "{A95D5894-5814-4307-9E3B-0A195B58B4B3}"
EndProject
Global
	GlobalSection(SolutionConfigurationPlatforms) = preSolution
		Debug|Any CPU = Debug|Any CPU
		Release|Any CPU = Release|Any CPU
	EndGlobalSection
	GlobalSection(ProjectConfigurationPlatforms) = postSolution
		{A95D5894-5814-4307-9E3B-0A195B58B4B3}.Debug|Any CPU.ActiveCfg = Debug|Any CPU
		{A95D5894-5814-4307-9E3B-0A195B58B4B3}.Debug|Any CPU.Build.0 = Debug|Any CPU
		{A95D5894-5814-4307-9E3B-0A195B58B4B3}.Release|Any CPU.ActiveCfg = Release|Any CPU
		{A95D5894-5814-4307-9E3B-0A195B58B4B3}.Release|Any CPU.Build.0 = Release|Any CPU
	EndGlobalSection
	GlobalSection(SolutionProperties) = preSolution
		HideSolutionNode = FALSE
	EndGlobalSection
	GlobalSection(ExtensibilityGlobals) = postSolution
		SolutionGuid = {7B18A275-9A62-4E7E-ADB9-B6CA88EEDA91}
	EndGlobalSection
EndGlobal
