
Microsoft Visual Studio Solution File, Format Version 12.00
# Visual Studio Version 16
VisualStudioVersion = 16.0.31702.278
MinimumVisualStudioVersion = 10.0.40219.1
Project("{FAE04EC0-301F-11D3-BF4B-00C04F79EFBC}") = "lab5_api", "lab5_api.csproj", "{23C4BBB1-F85F-4F45-B59B-7C47A9C03C1B}"
EndProject
Global
	GlobalSection(SolutionConfigurationPlatforms) = preSolution
		Debug|Any CPU = Debug|Any CPU
		Release|Any CPU = Release|Any CPU
	EndGlobalSection
	GlobalSection(ProjectConfigurationPlatforms) = postSolution
		{23C4BBB1-F85F-4F45-B59B-7C47A9C03C1B}.Debug|Any CPU.ActiveCfg = Debug|Any CPU
		{23C4BBB1-F85F-4F45-B59B-7C47A9C03C1B}.Debug|Any CPU.Build.0 = Debug|Any CPU
		{23C4BBB1-F85F-4F45-B59B-7C47A9C03C1B}.Release|Any CPU.ActiveCfg = Release|Any CPU
		{23C4BBB1-F85F-4F45-B59B-7C47A9C03C1B}.Release|Any CPU.Build.0 = Release|Any CPU
	EndGlobalSection
	GlobalSection(SolutionProperties) = preSolution
		HideSolutionNode = FALSE
	EndGlobalSection
	GlobalSection(ExtensibilityGlobals) = postSolution
		SolutionGuid = {6EED0DD1-E773-4FEB-9AAC-C29621140843}
	EndGlobalSection
EndGlobal
