
Microsoft Visual Studio Solution File, Format Version 12.00
# Visual Studio Version 16
VisualStudioVersion = 16.0.31702.278
MinimumVisualStudioVersion = 10.0.40219.1
Project("{FAE04EC0-301F-11D3-BF4B-00C04F79EFBC}") = "lab_1_xml_json", "lab_1_xml_json\lab_1_xml_json.csproj", "{1E396F10-5272-4141-BE2F-269854921F3A}"
EndProject
Global
	GlobalSection(SolutionConfigurationPlatforms) = preSolution
		Debug|Any CPU = Debug|Any CPU
		Release|Any CPU = Release|Any CPU
	EndGlobalSection
	GlobalSection(ProjectConfigurationPlatforms) = postSolution
		{1E396F10-5272-4141-BE2F-269854921F3A}.Debug|Any CPU.ActiveCfg = Debug|Any CPU
		{1E396F10-5272-4141-BE2F-269854921F3A}.Debug|Any CPU.Build.0 = Debug|Any CPU
		{1E396F10-5272-4141-BE2F-269854921F3A}.Release|Any CPU.ActiveCfg = Release|Any CPU
		{1E396F10-5272-4141-BE2F-269854921F3A}.Release|Any CPU.Build.0 = Release|Any CPU
	EndGlobalSection
	GlobalSection(SolutionProperties) = preSolution
		HideSolutionNode = FALSE
	EndGlobalSection
	GlobalSection(ExtensibilityGlobals) = postSolution
		SolutionGuid = {C0EB0F7C-167E-4D10-8EBD-AD2A28F02A61}
	EndGlobalSection
EndGlobal
