
Microsoft Visual Studio Solution File, Format Version 12.00
# Visual Studio Version 16
VisualStudioVersion = 16.0.30907.101
MinimumVisualStudioVersion = 10.0.40219.1
Project("{FAE04EC0-301F-11D3-BF4B-00C04F79EFBC}") = "test", "test.csproj", "{3B78DC53-A9BD-4DC4-8F11-7B2D13749EE9}"
EndProject
Global
	GlobalSection(SolutionConfigurationPlatforms) = preSolution
		Debug|Any CPU = Debug|Any CPU
		Release|Any CPU = Release|Any CPU
	EndGlobalSection
	GlobalSection(ProjectConfigurationPlatforms) = postSolution
		{3B78DC53-A9BD-4DC4-8F11-7B2D13749EE9}.Debug|Any CPU.ActiveCfg = Debug|Any CPU
		{3B78DC53-A9BD-4DC4-8F11-7B2D13749EE9}.Debug|Any CPU.Build.0 = Debug|Any CPU
		{3B78DC53-A9BD-4DC4-8F11-7B2D13749EE9}.Release|Any CPU.ActiveCfg = Release|Any CPU
		{3B78DC53-A9BD-4DC4-8F11-7B2D13749EE9}.Release|Any CPU.Build.0 = Release|Any CPU
	EndGlobalSection
	GlobalSection(SolutionProperties) = preSolution
		HideSolutionNode = FALSE
	EndGlobalSection
	GlobalSection(ExtensibilityGlobals) = postSolution
		SolutionGuid = {32BEF0FF-9CC2-4908-B5FC-46B634EDE8C9}
	EndGlobalSection
EndGlobal
